
Microsoft Visual Studio Solution File, Format Version 12.00
# Visual Studio Version 17
VisualStudioVersion = 17.11.35327.3
MinimumVisualStudioVersion = 10.0.40219.1
Project("{FAE04EC0-301F-11D3-BF4B-00C04F79EFBC}") = "Week5LogicalOperators", "Week5LogicalOperators\Week5LogicalOperators.csproj", "{2B4F14D5-6138-4282-B5D2-24EB06894F97}"
EndProject
Project("{FAE04EC0-301F-11D3-BF4B-00C04F79EFBC}") = "ANDOperator", "ANDOperator\ANDOperator.csproj", "{F331586B-D3E5-49C9-A386-726F6AAED61F}"
EndProject
Project("{FAE04EC0-301F-11D3-BF4B-00C04F79EFBC}") = "OROperator", "OROperator\OROperator.csproj", "{96E941A9-9049-4806-A2C2-C4835F09DFEA}"
EndProject
Project("{FAE04EC0-301F-11D3-BF4B-00C04F79EFBC}") = "ANDRanges", "ANDRanges\ANDRanges.csproj", "{B597D63B-2A19-417E-B0EC-C1409052B90A}"
EndProject
Global
	GlobalSection(SolutionConfigurationPlatforms) = preSolution
		Debug|Any CPU = Debug|Any CPU
		Release|Any CPU = Release|Any CPU
	EndGlobalSection
	GlobalSection(ProjectConfigurationPlatforms) = postSolution
		{2B4F14D5-6138-4282-B5D2-24EB06894F97}.Debug|Any CPU.ActiveCfg = Debug|Any CPU
		{2B4F14D5-6138-4282-B5D2-24EB06894F97}.Debug|Any CPU.Build.0 = Debug|Any CPU
		{2B4F14D5-6138-4282-B5D2-24EB06894F97}.Release|Any CPU.ActiveCfg = Release|Any CPU
		{2B4F14D5-6138-4282-B5D2-24EB06894F97}.Release|Any CPU.Build.0 = Release|Any CPU
		{F331586B-D3E5-49C9-A386-726F6AAED61F}.Debug|Any CPU.ActiveCfg = Debug|Any CPU
		{F331586B-D3E5-49C9-A386-726F6AAED61F}.Debug|Any CPU.Build.0 = Debug|Any CPU
		{F331586B-D3E5-49C9-A386-726F6AAED61F}.Release|Any CPU.ActiveCfg = Release|Any CPU
		{F331586B-D3E5-49C9-A386-726F6AAED61F}.Release|Any CPU.Build.0 = Release|Any CPU
		{96E941A9-9049-4806-A2C2-C4835F09DFEA}.Debug|Any CPU.ActiveCfg = Debug|Any CPU
		{96E941A9-9049-4806-A2C2-C4835F09DFEA}.Debug|Any CPU.Build.0 = Debug|Any CPU
		{96E941A9-9049-4806-A2C2-C4835F09DFEA}.Release|Any CPU.ActiveCfg = Release|Any CPU
		{96E941A9-9049-4806-A2C2-C4835F09DFEA}.Release|Any CPU.Build.0 = Release|Any CPU
		{B597D63B-2A19-417E-B0EC-C1409052B90A}.Debug|Any CPU.ActiveCfg = Debug|Any CPU
		{B597D63B-2A19-417E-B0EC-C1409052B90A}.Debug|Any CPU.Build.0 = Debug|Any CPU
		{B597D63B-2A19-417E-B0EC-C1409052B90A}.Release|Any CPU.ActiveCfg = Release|Any CPU
		{B597D63B-2A19-417E-B0EC-C1409052B90A}.Release|Any CPU.Build.0 = Release|Any CPU
	EndGlobalSection
	GlobalSection(SolutionProperties) = preSolution
		HideSolutionNode = FALSE
	EndGlobalSection
	GlobalSection(ExtensibilityGlobals) = postSolution
		SolutionGuid = {FDF027F5-AF52-4557-BC6F-D22D383F3D3E}
	EndGlobalSection
EndGlobal
